// !$*UTF8*$!
{
	archiveVersion = 1;
	classes = {
	};
	objectVersion = 46;
	objects = {

/* Begin PBXBuildFile section */
		0C996A4F1BB4CA8700A5822B /* AppDelegate.swift in Sources */ = {isa = PBXBuildFile; fileRef = 0C996A4E1BB4CA8700A5822B /* AppDelegate.swift */; };
		0C996A511BB4CA8700A5822B /* ViewController.swift in Sources */ = {isa = PBXBuildFile; fileRef = 0C996A501BB4CA8700A5822B /* ViewController.swift */; };
		0C996A541BB4CA8700A5822B /* Main.storyboard in Resources */ = {isa = PBXBuildFile; fileRef = 0C996A521BB4CA8700A5822B /* Main.storyboard */; };
		0C996A561BB4CA8700A5822B /* Assets.xcassets in Resources */ = {isa = PBXBuildFile; fileRef = 0C996A551BB4CA8700A5822B /* Assets.xcassets */; };
		0C996A591BB4CA8700A5822B /* LaunchScreen.storyboard in Resources */ = {isa = PBXBuildFile; fileRef = 0C996A571BB4CA8700A5822B /* LaunchScreen.storyboard */; };
		0C996A641BB4CA8700A5822B /* JosherAppTests.swift in Sources */ = {isa = PBXBuildFile; fileRef = 0C996A631BB4CA8700A5822B /* JosherAppTests.swift */; };
		0C996A6F1BB4CA8700A5822B /* JosherAppUITests.swift in Sources */ = {isa = PBXBuildFile; fileRef = 0C996A6E1BB4CA8700A5822B /* JosherAppUITests.swift */; };
		0C996A7D1BB4CC7000A5822B /* AudioToolbox.framework in Frameworks */ = {isa = PBXBuildFile; fileRef = 0C996A7C1BB4CC7000A5822B /* AudioToolbox.framework */; };
		0C996A811BB4CC9D00A5822B /* Bolts.framework in Frameworks */ = {isa = PBXBuildFile; fileRef = 0C996A7F1BB4CC9D00A5822B /* Bolts.framework */; };
		0C996A821BB4CC9D00A5822B /* Parse.framework in Frameworks */ = {isa = PBXBuildFile; fileRef = 0C996A801BB4CC9D00A5822B /* Parse.framework */; };
		0C996A841BB4CCD000A5822B /* CFNetwork.framework in Frameworks */ = {isa = PBXBuildFile; fileRef = 0C996A831BB4CCD000A5822B /* CFNetwork.framework */; };
		0C996A861BB4CCD600A5822B /* CoreGraphics.framework in Frameworks */ = {isa = PBXBuildFile; fileRef = 0C996A851BB4CCD600A5822B /* CoreGraphics.framework */; };
		0C996A881BB4CCDB00A5822B /* CoreLocation.framework in Frameworks */ = {isa = PBXBuildFile; fileRef = 0C996A871BB4CCDB00A5822B /* CoreLocation.framework */; };
		0C996A8A1BB4CCE200A5822B /* QuartzCore.framework in Frameworks */ = {isa = PBXBuildFile; fileRef = 0C996A891BB4CCE200A5822B /* QuartzCore.framework */; };
		0C996A8C1BB4CCE800A5822B /* Security.framework in Frameworks */ = {isa = PBXBuildFile; fileRef = 0C996A8B1BB4CCE800A5822B /* Security.framework */; };
		0C996A8E1BB4CCED00A5822B /* StoreKit.framework in Frameworks */ = {isa = PBXBuildFile; fileRef = 0C996A8D1BB4CCED00A5822B /* StoreKit.framework */; };
		0C996A901BB4CCF200A5822B /* SystemConfiguration.framework in Frameworks */ = {isa = PBXBuildFile; fileRef = 0C996A8F1BB4CCF200A5822B /* SystemConfiguration.framework */; };
		0C996A921BB4CD1400A5822B /* libsqlite3.tbd in Frameworks */ = {isa = PBXBuildFile; fileRef = 0C996A911BB4CD1400A5822B /* libsqlite3.tbd */; };
		0C996A941BB4CD1900A5822B /* libz.tbd in Frameworks */ = {isa = PBXBuildFile; fileRef = 0C996A931BB4CD1900A5822B /* libz.tbd */; };
		0CA915FF1BB76C4800130DD5 /* PortfolioDetail.swift in Sources */ = {isa = PBXBuildFile; fileRef = 0CA915FE1BB76C4800130DD5 /* PortfolioDetail.swift */; settings = {ASSET_TAGS = (); }; };
		0CA916011BB784C400130DD5 /* PortfolioFullPicture.swift in Sources */ = {isa = PBXBuildFile; fileRef = 0CA916001BB784C400130DD5 /* PortfolioFullPicture.swift */; settings = {ASSET_TAGS = (); }; };
		0CADA3C61BB8646400432F23 /* ContactMe.swift in Sources */ = {isa = PBXBuildFile; fileRef = 0CADA3C51BB8646400432F23 /* ContactMe.swift */; settings = {ASSET_TAGS = (); }; };
		0CADAB5E1BB6060500E6DE32 /* HomeData.swift in Sources */ = {isa = PBXBuildFile; fileRef = 0CADAB5D1BB6060500E6DE32 /* HomeData.swift */; };
		0CEAD2491BB4E55B00FBECC7 /* PortfolioViewController.swift in Sources */ = {isa = PBXBuildFile; fileRef = 0CEAD2481BB4E55B00FBECC7 /* PortfolioViewController.swift */; };
		0CEAD24B1BB4E91600FBECC7 /* Portfolio.swift in Sources */ = {isa = PBXBuildFile; fileRef = 0CEAD24A1BB4E91600FBECC7 /* Portfolio.swift */; };
/* End PBXBuildFile section */

/* Begin PBXContainerItemProxy section */
		0C996A601BB4CA8700A5822B /* PBXContainerItemProxy */ = {
			isa = PBXContainerItemProxy;
			containerPortal = 0C996A431BB4CA8700A5822B /* Project object */;
			proxyType = 1;
			remoteGlobalIDString = 0C996A4A1BB4CA8700A5822B;
			remoteInfo = JosherApp;
		};
		0C996A6B1BB4CA8700A5822B /* PBXContainerItemProxy */ = {
			isa = PBXContainerItemProxy;
			containerPortal = 0C996A431BB4CA8700A5822B /* Project object */;
			proxyType = 1;
			remoteGlobalIDString = 0C996A4A1BB4CA8700A5822B;
			remoteInfo = JosherApp;
		};
/* End PBXContainerItemProxy section */

/* Begin PBXFileReference section */
		0C996A4B1BB4CA8700A5822B /* JosherApp.app */ = {isa = PBXFileReference; explicitFileType = wrapper.application; includeInIndex = 0; path = JosherApp.app; sourceTree = BUILT_PRODUCTS_DIR; };
		0C996A4E1BB4CA8700A5822B /* AppDelegate.swift */ = {isa = PBXFileReference; lastKnownFileType = sourcecode.swift; path = AppDelegate.swift; sourceTree = "<group>"; };
		0C996A501BB4CA8700A5822B /* ViewController.swift */ = {isa = PBXFileReference; lastKnownFileType = sourcecode.swift; path = ViewController.swift; sourceTree = "<group>"; };
		0C996A531BB4CA8700A5822B /* Base */ = {isa = PBXFileReference; lastKnownFileType = file.storyboard; name = Base; path = Base.lproj/Main.storyboard; sourceTree = "<group>"; };
		0C996A551BB4CA8700A5822B /* Assets.xcassets */ = {isa = PBXFileReference; lastKnownFileType = folder.assetcatalog; path = Assets.xcassets; sourceTree = "<group>"; };
		0C996A581BB4CA8700A5822B /* Base */ = {isa = PBXFileReference; lastKnownFileType = file.storyboard; name = Base; path = Base.lproj/LaunchScreen.storyboard; sourceTree = "<group>"; };
		0C996A5A1BB4CA8700A5822B /* Info.plist */ = {isa = PBXFileReference; lastKnownFileType = text.plist.xml; path = Info.plist; sourceTree = "<group>"; };
		0C996A5F1BB4CA8700A5822B /* JosherAppTests.xctest */ = {isa = PBXFileReference; explicitFileType = wrapper.cfbundle; includeInIndex = 0; path = JosherAppTests.xctest; sourceTree = BUILT_PRODUCTS_DIR; };
		0C996A631BB4CA8700A5822B /* JosherAppTests.swift */ = {isa = PBXFileReference; lastKnownFileType = sourcecode.swift; path = JosherAppTests.swift; sourceTree = "<group>"; };
		0C996A651BB4CA8700A5822B /* Info.plist */ = {isa = PBXFileReference; lastKnownFileType = text.plist.xml; path = Info.plist; sourceTree = "<group>"; };
		0C996A6A1BB4CA8700A5822B /* JosherAppUITests.xctest */ = {isa = PBXFileReference; explicitFileType = wrapper.cfbundle; includeInIndex = 0; path = JosherAppUITests.xctest; sourceTree = BUILT_PRODUCTS_DIR; };
		0C996A6E1BB4CA8700A5822B /* JosherAppUITests.swift */ = {isa = PBXFileReference; lastKnownFileType = sourcecode.swift; path = JosherAppUITests.swift; sourceTree = "<group>"; };
		0C996A701BB4CA8700A5822B /* Info.plist */ = {isa = PBXFileReference; lastKnownFileType = text.plist.xml; path = Info.plist; sourceTree = "<group>"; };
		0C996A7C1BB4CC7000A5822B /* AudioToolbox.framework */ = {isa = PBXFileReference; lastKnownFileType = wrapper.framework; name = AudioToolbox.framework; path = System/Library/Frameworks/AudioToolbox.framework; sourceTree = SDKROOT; };
		0C996A7F1BB4CC9D00A5822B /* Bolts.framework */ = {isa = PBXFileReference; lastKnownFileType = wrapper.framework; path = Bolts.framework; sourceTree = "<group>"; };
		0C996A801BB4CC9D00A5822B /* Parse.framework */ = {isa = PBXFileReference; lastKnownFileType = wrapper.framework; path = Parse.framework; sourceTree = "<group>"; };
		0C996A831BB4CCD000A5822B /* CFNetwork.framework */ = {isa = PBXFileReference; lastKnownFileType = wrapper.framework; name = CFNetwork.framework; path = System/Library/Frameworks/CFNetwork.framework; sourceTree = SDKROOT; };
		0C996A851BB4CCD600A5822B /* CoreGraphics.framework */ = {isa = PBXFileReference; lastKnownFileType = wrapper.framework; name = CoreGraphics.framework; path = System/Library/Frameworks/CoreGraphics.framework; sourceTree = SDKROOT; };
		0C996A871BB4CCDB00A5822B /* CoreLocation.framework */ = {isa = PBXFileReference; lastKnownFileType = wrapper.framework; name = CoreLocation.framework; path = System/Library/Frameworks/CoreLocation.framework; sourceTree = SDKROOT; };
		0C996A891BB4CCE200A5822B /* QuartzCore.framework */ = {isa = PBXFileReference; lastKnownFileType = wrapper.framework; name = QuartzCore.framework; path = System/Library/Frameworks/QuartzCore.framework; sourceTree = SDKROOT; };
		0C996A8B1BB4CCE800A5822B /* Security.framework */ = {isa = PBXFileReference; lastKnownFileType = wrapper.framework; name = Security.framework; path = System/Library/Frameworks/Security.framework; sourceTree = SDKROOT; };
		0C996A8D1BB4CCED00A5822B /* StoreKit.framework */ = {isa = PBXFileReference; lastKnownFileType = wrapper.framework; name = StoreKit.framework; path = System/Library/Frameworks/StoreKit.framework; sourceTree = SDKROOT; };
		0C996A8F1BB4CCF200A5822B /* SystemConfiguration.framework */ = {isa = PBXFileReference; lastKnownFileType = wrapper.framework; name = SystemConfiguration.framework; path = System/Library/Frameworks/SystemConfiguration.framework; sourceTree = SDKROOT; };
		0C996A911BB4CD1400A5822B /* libsqlite3.tbd */ = {isa = PBXFileReference; lastKnownFileType = "sourcecode.text-based-dylib-definition"; name = libsqlite3.tbd; path = usr/lib/libsqlite3.tbd; sourceTree = SDKROOT; };
		0C996A931BB4CD1900A5822B /* libz.tbd */ = {isa = PBXFileReference; lastKnownFileType = "sourcecode.text-based-dylib-definition"; name = libz.tbd; path = usr/lib/libz.tbd; sourceTree = SDKROOT; };
		0CA915FE1BB76C4800130DD5 /* PortfolioDetail.swift */ = {isa = PBXFileReference; fileEncoding = 4; lastKnownFileType = sourcecode.swift; path = PortfolioDetail.swift; sourceTree = "<group>"; };
		0CA916001BB784C400130DD5 /* PortfolioFullPicture.swift */ = {isa = PBXFileReference; fileEncoding = 4; lastKnownFileType = sourcecode.swift; path = PortfolioFullPicture.swift; sourceTree = "<group>"; };
		0CADA3C51BB8646400432F23 /* ContactMe.swift */ = {isa = PBXFileReference; fileEncoding = 4; lastKnownFileType = sourcecode.swift; path = ContactMe.swift; sourceTree = "<group>"; };
		0CADAB5D1BB6060500E6DE32 /* HomeData.swift */ = {isa = PBXFileReference; fileEncoding = 4; lastKnownFileType = sourcecode.swift; path = HomeData.swift; sourceTree = "<group>"; };
		0CEAD2481BB4E55B00FBECC7 /* PortfolioViewController.swift */ = {isa = PBXFileReference; fileEncoding = 4; lastKnownFileType = sourcecode.swift; path = PortfolioViewController.swift; sourceTree = "<group>"; };
		0CEAD24A1BB4E91600FBECC7 /* Portfolio.swift */ = {isa = PBXFileReference; fileEncoding = 4; lastKnownFileType = sourcecode.swift; path = Portfolio.swift; sourceTree = "<group>"; };
/* End PBXFileReference section */

/* Begin PBXFrameworksBuildPhase section */
		0C996A481BB4CA8700A5822B /* Frameworks */ = {
			isa = PBXFrameworksBuildPhase;
			buildActionMask = 2147483647;
			files = (
				0C996A941BB4CD1900A5822B /* libz.tbd in Frameworks */,
				0C996A921BB4CD1400A5822B /* libsqlite3.tbd in Frameworks */,
				0C996A901BB4CCF200A5822B /* SystemConfiguration.framework in Frameworks */,
				0C996A8E1BB4CCED00A5822B /* StoreKit.framework in Frameworks */,
				0C996A8C1BB4CCE800A5822B /* Security.framework in Frameworks */,
				0C996A8A1BB4CCE200A5822B /* QuartzCore.framework in Frameworks */,
				0C996A881BB4CCDB00A5822B /* CoreLocation.framework in Frameworks */,
				0C996A861BB4CCD600A5822B /* CoreGraphics.framework in Frameworks */,
				0C996A841BB4CCD000A5822B /* CFNetwork.framework in Frameworks */,
				0C996A7D1BB4CC7000A5822B /* AudioToolbox.framework in Frameworks */,
				0C996A821BB4CC9D00A5822B /* Parse.framework in Frameworks */,
				0C996A811BB4CC9D00A5822B /* Bolts.framework in Frameworks */,
			);
			runOnlyForDeploymentPostprocessing = 0;
		};
		0C996A5C1BB4CA8700A5822B /* Frameworks */ = {
			isa = PBXFrameworksBuildPhase;
			buildActionMask = 2147483647;
			files = (
			);
			runOnlyForDeploymentPostprocessing = 0;
		};
		0C996A671BB4CA8700A5822B /* Frameworks */ = {
			isa = PBXFrameworksBuildPhase;
			buildActionMask = 2147483647;
			files = (
			);
			runOnlyForDeploymentPostprocessing = 0;
		};
/* End PBXFrameworksBuildPhase section */

/* Begin PBXGroup section */
		0C996A421BB4CA8700A5822B = {
			isa = PBXGroup;
			children = (
				0C996A7E1BB4CC7600A5822B /* Frameworks */,
				0C996A4D1BB4CA8700A5822B /* JosherApp */,
				0C996A6D1BB4CA8700A5822B /* JosherAppUITests */,
				0C996A4C1BB4CA8700A5822B /* Products */,
			);
			sourceTree = "<group>";
		};
		0C996A4C1BB4CA8700A5822B /* Products */ = {
			isa = PBXGroup;
			children = (
				0C996A4B1BB4CA8700A5822B /* JosherApp.app */,
				0C996A5F1BB4CA8700A5822B /* JosherAppTests.xctest */,
				0C996A6A1BB4CA8700A5822B /* JosherAppUITests.xctest */,
			);
			name = Products;
			sourceTree = "<group>";
		};
		0C996A4D1BB4CA8700A5822B /* JosherApp */ = {
			isa = PBXGroup;
			children = (
				0CEAD24C1BB4E92100FBECC7 /* Data */,
				0C996A4E1BB4CA8700A5822B /* AppDelegate.swift */,
				0CADA3C51BB8646400432F23 /* ContactMe.swift */,
				0CA916001BB784C400130DD5 /* PortfolioFullPicture.swift */,
				0CA915FE1BB76C4800130DD5 /* PortfolioDetail.swift */,
				0CEAD2481BB4E55B00FBECC7 /* PortfolioViewController.swift */,
				0C996A501BB4CA8700A5822B /* ViewController.swift */,
				0C996A521BB4CA8700A5822B /* Main.storyboard */,
				0C996A621BB4CA8700A5822B /* JosherAppTests */,
				0C996A551BB4CA8700A5822B /* Assets.xcassets */,
				0C996A571BB4CA8700A5822B /* LaunchScreen.storyboard */,
				0C996A5A1BB4CA8700A5822B /* Info.plist */,
			);
			path = JosherApp;
			sourceTree = "<group>";
		};
		0C996A621BB4CA8700A5822B /* JosherAppTests */ = {
			isa = PBXGroup;
			children = (
				0C996A631BB4CA8700A5822B /* JosherAppTests.swift */,
				0C996A651BB4CA8700A5822B /* Info.plist */,
			);
			path = JosherAppTests;
			sourceTree = SOURCE_ROOT;
		};
		0C996A6D1BB4CA8700A5822B /* JosherAppUITests */ = {
			isa = PBXGroup;
			children = (
				0C996A6E1BB4CA8700A5822B /* JosherAppUITests.swift */,
				0C996A701BB4CA8700A5822B /* Info.plist */,
			);
			path = JosherAppUITests;
			sourceTree = "<group>";
		};
		0C996A7E1BB4CC7600A5822B /* Frameworks */ = {
			isa = PBXGroup;
			children = (
				0C996A931BB4CD1900A5822B /* libz.tbd */,
				0C996A911BB4CD1400A5822B /* libsqlite3.tbd */,
				0C996A8F1BB4CCF200A5822B /* SystemConfiguration.framework */,
				0C996A8D1BB4CCED00A5822B /* StoreKit.framework */,
				0C996A8B1BB4CCE800A5822B /* Security.framework */,
				0C996A891BB4CCE200A5822B /* QuartzCore.framework */,
				0C996A871BB4CCDB00A5822B /* CoreLocation.framework */,
				0C996A851BB4CCD600A5822B /* CoreGraphics.framework */,
				0C996A831BB4CCD000A5822B /* CFNetwork.framework */,
				0C996A7F1BB4CC9D00A5822B /* Bolts.framework */,
				0C996A801BB4CC9D00A5822B /* Parse.framework */,
				0C996A7C1BB4CC7000A5822B /* AudioToolbox.framework */,
			);
			name = Frameworks;
			sourceTree = "<group>";
		};
		0CEAD24C1BB4E92100FBECC7 /* Data */ = {
			isa = PBXGroup;
			children = (
				0CEAD24A1BB4E91600FBECC7 /* Portfolio.swift */,
				0CADAB5D1BB6060500E6DE32 /* HomeData.swift */,
			);
			name = Data;
			sourceTree = "<group>";
		};
/* End PBXGroup section */

/* Begin PBXNativeTarget section */
		0C996A4A1BB4CA8700A5822B /* JosherApp */ = {
			isa = PBXNativeTarget;
			buildConfigurationList = 0C996A731BB4CA8700A5822B /* Build configuration list for PBXNativeTarget "JosherApp" */;
			buildPhases = (
				0C996A471BB4CA8700A5822B /* Sources */,
				0C996A481BB4CA8700A5822B /* Frameworks */,
				0C996A491BB4CA8700A5822B /* Resources */,
			);
			buildRules = (
			);
			dependencies = (
			);
			name = JosherApp;
			productName = JosherApp;
			productReference = 0C996A4B1BB4CA8700A5822B /* JosherApp.app */;
			productType = "com.apple.product-type.application";
		};
		0C996A5E1BB4CA8700A5822B /* JosherAppTests */ = {
			isa = PBXNativeTarget;
			buildConfigurationList = 0C996A761BB4CA8700A5822B /* Build configuration list for PBXNativeTarget "JosherAppTests" */;
			buildPhases = (
				0C996A5B1BB4CA8700A5822B /* Sources */,
				0C996A5C1BB4CA8700A5822B /* Frameworks */,
				0C996A5D1BB4CA8700A5822B /* Resources */,
			);
			buildRules = (
			);
			dependencies = (
				0C996A611BB4CA8700A5822B /* PBXTargetDependency */,
			);
			name = JosherAppTests;
			productName = JosherAppTests;
			productReference = 0C996A5F1BB4CA8700A5822B /* JosherAppTests.xctest */;
			productType = "com.apple.product-type.bundle.unit-test";
		};
		0C996A691BB4CA8700A5822B /* JosherAppUITests */ = {
			isa = PBXNativeTarget;
			buildConfigurationList = 0C996A791BB4CA8700A5822B /* Build configuration list for PBXNativeTarget "JosherAppUITests" */;
			buildPhases = (
				0C996A661BB4CA8700A5822B /* Sources */,
				0C996A671BB4CA8700A5822B /* Frameworks */,
				0C996A681BB4CA8700A5822B /* Resources */,
			);
			buildRules = (
			);
			dependencies = (
				0C996A6C1BB4CA8700A5822B /* PBXTargetDependency */,
			);
			name = JosherAppUITests;
			productName = JosherAppUITests;
			productReference = 0C996A6A1BB4CA8700A5822B /* JosherAppUITests.xctest */;
			productType = "com.apple.product-type.bundle.ui-testing";
		};
/* End PBXNativeTarget section */

/* Begin PBXProject section */
		0C996A431BB4CA8700A5822B /* Project object */ = {
			isa = PBXProject;
			attributes = {
				LastSwiftUpdateCheck = 0710;
				LastUpgradeCheck = 0700;
				ORGANIZATIONNAME = "Josh Slebodnik";
				TargetAttributes = {
					0C996A4A1BB4CA8700A5822B = {
						CreatedOnToolsVersion = 7.0;
					};
					0C996A5E1BB4CA8700A5822B = {
						CreatedOnToolsVersion = 7.0;
						TestTargetID = 0C996A4A1BB4CA8700A5822B;
					};
					0C996A691BB4CA8700A5822B = {
						CreatedOnToolsVersion = 7.0;
						TestTargetID = 0C996A4A1BB4CA8700A5822B;
					};
				};
			};
			buildConfigurationList = 0C996A461BB4CA8700A5822B /* Build configuration list for PBXProject "JosherApp" */;
			compatibilityVersion = "Xcode 3.2";
			developmentRegion = English;
			hasScannedForEncodings = 0;
			knownRegions = (
				en,
				Base,
			);
			mainGroup = 0C996A421BB4CA8700A5822B;
			productRefGroup = 0C996A4C1BB4CA8700A5822B /* Products */;
			projectDirPath = "";
			projectRoot = "";
			targets = (
				0C996A4A1BB4CA8700A5822B /* JosherApp */,
				0C996A5E1BB4CA8700A5822B /* JosherAppTests */,
				0C996A691BB4CA8700A5822B /* JosherAppUITests */,
			);
		};
/* End PBXProject section */

/* Begin PBXResourcesBuildPhase section */
		0C996A491BB4CA8700A5822B /* Resources */ = {
			isa = PBXResourcesBuildPhase;
			buildActionMask = 2147483647;
			files = (
				0C996A591BB4CA8700A5822B /* LaunchScreen.storyboard in Resources */,
				0C996A561BB4CA8700A5822B /* Assets.xcassets in Resources */,
				0C996A541BB4CA8700A5822B /* Main.storyboard in Resources */,
			);
			runOnlyForDeploymentPostprocessing = 0;
		};
		0C996A5D1BB4CA8700A5822B /* Resources */ = {
			isa = PBXResourcesBuildPhase;
			buildActionMask = 2147483647;
			files = (
			);
			runOnlyForDeploymentPostprocessing = 0;
		};
		0C996A681BB4CA8700A5822B /* Resources */ = {
			isa = PBXResourcesBuildPhase;
			buildActionMask = 2147483647;
			files = (
			);
			runOnlyForDeploymentPostprocessing = 0;
		};
/* End PBXResourcesBuildPhase section */

/* Begin PBXSourcesBuildPhase section */
		0C996A471BB4CA8700A5822B /* Sources */ = {
			isa = PBXSourcesBuildPhase;
			buildActionMask = 2147483647;
			files = (
				0CADA3C61BB8646400432F23 /* ContactMe.swift in Sources */,
				0CEAD24B1BB4E91600FBECC7 /* Portfolio.swift in Sources */,
				0CA915FF1BB76C4800130DD5 /* PortfolioDetail.swift in Sources */,
				0C996A511BB4CA8700A5822B /* ViewController.swift in Sources */,
				0CA916011BB784C400130DD5 /* PortfolioFullPicture.swift in Sources */,
				0CEAD2491BB4E55B00FBECC7 /* PortfolioViewController.swift in Sources */,
				0C996A4F1BB4CA8700A5822B /* AppDelegate.swift in Sources */,
				0CADAB5E1BB6060500E6DE32 /* HomeData.swift in Sources */,
			);
			runOnlyForDeploymentPostprocessing = 0;
		};
		0C996A5B1BB4CA8700A5822B /* Sources */ = {
			isa = PBXSourcesBuildPhase;
			buildActionMask = 2147483647;
			files = (
				0C996A641BB4CA8700A5822B /* JosherAppTests.swift in Sources */,
			);
			runOnlyForDeploymentPostprocessing = 0;
		};
		0C996A661BB4CA8700A5822B /* Sources */ = {
			isa = PBXSourcesBuildPhase;
			buildActionMask = 2147483647;
			files = (
				0C996A6F1BB4CA8700A5822B /* JosherAppUITests.swift in Sources */,
			);
			runOnlyForDeploymentPostprocessing = 0;
		};
/* End PBXSourcesBuildPhase section */

/* Begin PBXTargetDependency section */
		0C996A611BB4CA8700A5822B /* PBXTargetDependency */ = {
			isa = PBXTargetDependency;
			target = 0C996A4A1BB4CA8700A5822B /* JosherApp */;
			targetProxy = 0C996A601BB4CA8700A5822B /* PBXContainerItemProxy */;
		};
		0C996A6C1BB4CA8700A5822B /* PBXTargetDependency */ = {
			isa = PBXTargetDependency;
			target = 0C996A4A1BB4CA8700A5822B /* JosherApp */;
			targetProxy = 0C996A6B1BB4CA8700A5822B /* PBXContainerItemProxy */;
		};
/* End PBXTargetDependency section */

/* Begin PBXVariantGroup section */
		0C996A521BB4CA8700A5822B /* Main.storyboard */ = {
			isa = PBXVariantGroup;
			children = (
				0C996A531BB4CA8700A5822B /* Base */,
			);
			name = Main.storyboard;
			sourceTree = "<group>";
		};
		0C996A571BB4CA8700A5822B /* LaunchScreen.storyboard */ = {
			isa = PBXVariantGroup;
			children = (
				0C996A581BB4CA8700A5822B /* Base */,
			);
			name = LaunchScreen.storyboard;
			sourceTree = "<group>";
		};
/* End PBXVariantGroup section */

/* Begin XCBuildConfiguration section */
		0C996A711BB4CA8700A5822B /* Debug */ = {
			isa = XCBuildConfiguration;
			buildSettings = {
				ALWAYS_SEARCH_USER_PATHS = NO;
				CLANG_CXX_LANGUAGE_STANDARD = "gnu++0x";
				CLANG_CXX_LIBRARY = "libc++";
				CLANG_ENABLE_MODULES = YES;
				CLANG_ENABLE_OBJC_ARC = YES;
				CLANG_WARN_BOOL_CONVERSION = YES;
				CLANG_WARN_CONSTANT_CONVERSION = YES;
				CLANG_WARN_DIRECT_OBJC_ISA_USAGE = YES_ERROR;
				CLANG_WARN_EMPTY_BODY = YES;
				CLANG_WARN_ENUM_CONVERSION = YES;
				CLANG_WARN_INT_CONVERSION = YES;
				CLANG_WARN_OBJC_ROOT_CLASS = YES_ERROR;
				CLANG_WARN_UNREACHABLE_CODE = YES;
				CLANG_WARN__DUPLICATE_METHOD_MATCH = YES;
				"CODE_SIGN_IDENTITY[sdk=iphoneos*]" = "iPhone Developer";
				COPY_PHASE_STRIP = NO;
				DEBUG_INFORMATION_FORMAT = dwarf;
				ENABLE_STRICT_OBJC_MSGSEND = YES;
				ENABLE_TESTABILITY = YES;
				GCC_C_LANGUAGE_STANDARD = gnu99;
				GCC_DYNAMIC_NO_PIC = NO;
				GCC_NO_COMMON_BLOCKS = YES;
				GCC_OPTIMIZATION_LEVEL = 0;
				GCC_PREPROCESSOR_DEFINITIONS = (
					"DEBUG=1",
					"$(inherited)",
				);
				GCC_WARN_64_TO_32_BIT_CONVERSION = YES;
				GCC_WARN_ABOUT_RETURN_TYPE = YES_ERROR;
				GCC_WARN_UNDECLARED_SELECTOR = YES;
				GCC_WARN_UNINITIALIZED_AUTOS = YES_AGGRESSIVE;
				GCC_WARN_UNUSED_FUNCTION = YES;
				GCC_WARN_UNUSED_VARIABLE = YES;
				IPHONEOS_DEPLOYMENT_TARGET = 9.0;
				MTL_ENABLE_DEBUG_INFO = YES;
				ONLY_ACTIVE_ARCH = YES;
				SDKROOT = iphoneos;
				SWIFT_OPTIMIZATION_LEVEL = "-Onone";
			};
			name = Debug;
		};
		0C996A721BB4CA8700A5822B /* Release */ = {
			isa = XCBuildConfiguration;
			buildSettings = {
				ALWAYS_SEARCH_USER_PATHS = NO;
				CLANG_CXX_LANGUAGE_STANDARD = "gnu++0x";
				CLANG_CXX_LIBRARY = "libc++";
				CLANG_ENABLE_MODULES = YES;
				CLANG_ENABLE_OBJC_ARC = YES;
				CLANG_WARN_BOOL_CONVERSION = YES;
				CLANG_WARN_CONSTANT_CONVERSION = YES;
				CLANG_WARN_DIRECT_OBJC_ISA_USAGE = YES_ERROR;
				CLANG_WARN_EMPTY_BODY = YES;
				CLANG_WARN_ENUM_CONVERSION = YES;
				CLANG_WARN_INT_CONVERSION = YES;
				CLANG_WARN_OBJC_ROOT_CLASS = YES_ERROR;
				CLANG_WARN_UNREACHABLE_CODE = YES;
				CLANG_WARN__DUPLICATE_METHOD_MATCH = YES;
				"CODE_SIGN_IDENTITY[sdk=iphoneos*]" = "iPhone Developer";
				COPY_PHASE_STRIP = NO;
				DEBUG_INFORMATION_FORMAT = "dwarf-with-dsym";
				ENABLE_NS_ASSERTIONS = NO;
				ENABLE_STRICT_OBJC_MSGSEND = YES;
				GCC_C_LANGUAGE_STANDARD = gnu99;
				GCC_NO_COMMON_BLOCKS = YES;
				GCC_WARN_64_TO_32_BIT_CONVERSION = YES;
				GCC_WARN_ABOUT_RETURN_TYPE = YES_ERROR;
				GCC_WARN_UNDECLARED_SELECTOR = YES;
				GCC_WARN_UNINITIALIZED_AUTOS = YES_AGGRESSIVE;
				GCC_WARN_UNUSED_FUNCTION = YES;
				GCC_WARN_UNUSED_VARIABLE = YES;
				IPHONEOS_DEPLOYMENT_TARGET = 9.0;
				MTL_ENABLE_DEBUG_INFO = NO;
				SDKROOT = iphoneos;
				VALIDATE_PRODUCT = YES;
			};
			name = Release;
		};
		0C996A741BB4CA8700A5822B /* Debug */ = {
			isa = XCBuildConfiguration;
			buildSettings = {
				ASSETCATALOG_COMPILER_APPICON_NAME = AppIcon;
				FRAMEWORK_SEARCH_PATHS = (
					"$(inherited)",
					"$(PROJECT_DIR)",
				);
				INFOPLIST_FILE = JosherApp/Info.plist;
				LD_RUNPATH_SEARCH_PATHS = "$(inherited) @executable_path/Frameworks";
				PRODUCT_BUNDLE_IDENTIFIER = "Josh-Slebodnik";
				PRODUCT_NAME = "$(TARGET_NAME)";
			};
			name = Debug;
		};
		0C996A751BB4CA8700A5822B /* Release */ = {
			isa = XCBuildConfiguration;
			buildSettings = {
				ASSETCATALOG_COMPILER_APPICON_NAME = AppIcon;
				FRAMEWORK_SEARCH_PATHS = (
					"$(inherited)",
					"$(PROJECT_DIR)",
				);
				INFOPLIST_FILE = JosherApp/Info.plist;
				LD_RUNPATH_SEARCH_PATHS = "$(inherited) @executable_path/Frameworks";
				PRODUCT_BUNDLE_IDENTIFIER = "Josh-Slebodnik";
				PRODUCT_NAME = "$(TARGET_NAME)";
			};
			name = Release;
		};
		0C996A771BB4CA8700A5822B /* Debug */ = {
			isa = XCBuildConfiguration;
			buildSettings = {
				BUNDLE_LOADER = "$(TEST_HOST)";
				INFOPLIST_FILE = JosherAppTests/Info.plist;
				LD_RUNPATH_SEARCH_PATHS = "$(inherited) @executable_path/Frameworks @loader_path/Frameworks";
				PRODUCT_BUNDLE_IDENTIFIER = com.fccinteractive.JosherAppTests;
				PRODUCT_NAME = "$(TARGET_NAME)";
				TEST_HOST = "$(BUILT_PRODUCTS_DIR)/JosherApp.app/JosherApp";
			};
			name = Debug;
		};
		0C996A781BB4CA8700A5822B /* Release */ = {
			isa = XCBuildConfiguration;
			buildSettings = {
				BUNDLE_LOADER = "$(TEST_HOST)";
				INFOPLIST_FILE = JosherAppTests/Info.plist;
				LD_RUNPATH_SEARCH_PATHS = "$(inherited) @executable_path/Frameworks @loader_path/Frameworks";
				PRODUCT_BUNDLE_IDENTIFIER = com.fccinteractive.JosherAppTests;
				PRODUCT_NAME = "$(TARGET_NAME)";
				TEST_HOST = "$(BUILT_PRODUCTS_DIR)/JosherApp.app/JosherApp";
			};
			name = Release;
		};
		0C996A7A1BB4CA8700A5822B /* Debug */ = {
			isa = XCBuildConfiguration;
			buildSettings = {
				INFOPLIST_FILE = JosherAppUITests/Info.plist;
				LD_RUNPATH_SEARCH_PATHS = "$(inherited) @executable_path/Frameworks @loader_path/Frameworks";
				PRODUCT_BUNDLE_IDENTIFIER = com.fccinteractive.JosherAppUITests;
				PRODUCT_NAME = "$(TARGET_NAME)";
				TEST_TARGET_NAME = JosherApp;
				USES_XCTRUNNER = YES;
			};
			name = Debug;
		};
		0C996A7B1BB4CA8700A5822B /* Release */ = {
			isa = XCBuildConfiguration;
			buildSettings = {
				INFOPLIST_FILE = JosherAppUITests/Info.plist;
				LD_RUNPATH_SEARCH_PATHS = "$(inherited) @executable_path/Frameworks @loader_path/Frameworks";
				PRODUCT_BUNDLE_IDENTIFIER = com.fccinteractive.JosherAppUITests;
				PRODUCT_NAME = "$(TARGET_NAME)";
				TEST_TARGET_NAME = JosherApp;
				USES_XCTRUNNER = YES;
			};
			name = Release;
		};
/* End XCBuildConfiguration section */

/* Begin XCConfigurationList section */
		0C996A461BB4CA8700A5822B /* Build configuration list for PBXProject "JosherApp" */ = {
			isa = XCConfigurationList;
			buildConfigurations = (
				0C996A711BB4CA8700A5822B /* Debug */,
				0C996A721BB4CA8700A5822B /* Release */,
			);
			defaultConfigurationIsVisible = 0;
			defaultConfigurationName = Release;
		};
		0C996A731BB4CA8700A5822B /* Build configuration list for PBXNativeTarget "JosherApp" */ = {
			isa = XCConfigurationList;
			buildConfigurations = (
				0C996A741BB4CA8700A5822B /* Debug */,
				0C996A751BB4CA8700A5822B /* Release */,
			);
			defaultConfigurationIsVisible = 0;
			defaultConfigurationName = Release;
		};
		0C996A761BB4CA8700A5822B /* Build configuration list for PBXNativeTarget "JosherAppTests" */ = {
			isa = XCConfigurationList;
			buildConfigurations = (
				0C996A771BB4CA8700A5822B /* Debug */,
				0C996A781BB4CA8700A5822B /* Release */,
			);
			defaultConfigurationIsVisible = 0;
			defaultConfigurationName = Release;
		};
		0C996A791BB4CA8700A5822B /* Build configuration list for PBXNativeTarget "JosherAppUITests" */ = {
			isa = XCConfigurationList;
			buildConfigurations = (
				0C996A7A1BB4CA8700A5822B /* Debug */,
				0C996A7B1BB4CA8700A5822B /* Release */,
			);
			defaultConfigurationIsVisible = 0;
			defaultConfigurationName = Release;
		};
/* End XCConfigurationList section */
	};
	rootObject = 0C996A431BB4CA8700A5822B /* Project object */;
}
